
Microsoft Visual Studio Solution File, Format Version 12.00
# Visual Studio 15
VisualStudioVersion = 15.0.28307.271
MinimumVisualStudioVersion = 10.0.40219.1
Project("{FAE04EC0-301F-11D3-BF4B-00C04F79EFBC}") = "Warrior Battle", "Warrior Battle\Warrior Battle.csproj", "{8478649D-E40B-4E04-9A2D-E0962F241EFB}"
EndProject
Global
	GlobalSection(SolutionConfigurationPlatforms) = preSolution
		Debug|Any CPU = Debug|Any CPU
		Release|Any CPU = Release|Any CPU
	EndGlobalSection
	GlobalSection(ProjectConfigurationPlatforms) = postSolution
		{8478649D-E40B-4E04-9A2D-E0962F241EFB}.Debug|Any CPU.ActiveCfg = Debug|Any CPU
		{8478649D-E40B-4E04-9A2D-E0962F241EFB}.Debug|Any CPU.Build.0 = Debug|Any CPU
		{8478649D-E40B-4E04-9A2D-E0962F241EFB}.Release|Any CPU.ActiveCfg = Release|Any CPU
		{8478649D-E40B-4E04-9A2D-E0962F241EFB}.Release|Any CPU.Build.0 = Release|Any CPU
	EndGlobalSection
	GlobalSection(SolutionProperties) = preSolution
		HideSolutionNode = FALSE
	EndGlobalSection
	GlobalSection(ExtensibilityGlobals) = postSolution
		SolutionGuid = {352CC8B2-5FAB-4F0A-BD8B-86FFDDB90FFD}
	EndGlobalSection
EndGlobal
